
Microsoft Visual Studio Solution File, Format Version 12.00
# Visual Studio Version 16
VisualStudioVersion = 16.0.29102.190
MinimumVisualStudioVersion = 10.0.40219.1
Project("{FAE04EC0-301F-11D3-BF4B-00C04F79EFBC}") = "RepasoPipes", "RepasoPipes\RepasoPipes.csproj", "{7BFCC20F-CEBC-409F-B9BD-13A1D5E0545B}"
EndProject
Project("{FAE04EC0-301F-11D3-BF4B-00C04F79EFBC}") = "Enun2Cliente", "Enun2Cliente\Enun2Cliente.csproj", "{26647FD8-89F5-428F-9D3A-22D7A35A33D7}"
EndProject
Project("{FAE04EC0-301F-11D3-BF4B-00C04F79EFBC}") = "Enun1Servidor", "Enun1Servidor\Enun1Servidor.csproj", "{E6B43EE9-6B01-4D78-B201-191D684E5956}"
EndProject
Project("{FAE04EC0-301F-11D3-BF4B-00C04F79EFBC}") = "Enun1Cliente", "Enun1Cliente\Enun1Cliente.csproj", "{FE656A33-F5BF-4208-BA0D-87414369D39D}"
EndProject
Global
	GlobalSection(SolutionConfigurationPlatforms) = preSolution
		Debug|Any CPU = Debug|Any CPU
		Release|Any CPU = Release|Any CPU
	EndGlobalSection
	GlobalSection(ProjectConfigurationPlatforms) = postSolution
		{7BFCC20F-CEBC-409F-B9BD-13A1D5E0545B}.Debug|Any CPU.ActiveCfg = Debug|Any CPU
		{7BFCC20F-CEBC-409F-B9BD-13A1D5E0545B}.Debug|Any CPU.Build.0 = Debug|Any CPU
		{7BFCC20F-CEBC-409F-B9BD-13A1D5E0545B}.Release|Any CPU.ActiveCfg = Release|Any CPU
		{7BFCC20F-CEBC-409F-B9BD-13A1D5E0545B}.Release|Any CPU.Build.0 = Release|Any CPU
		{26647FD8-89F5-428F-9D3A-22D7A35A33D7}.Debug|Any CPU.ActiveCfg = Debug|Any CPU
		{26647FD8-89F5-428F-9D3A-22D7A35A33D7}.Debug|Any CPU.Build.0 = Debug|Any CPU
		{26647FD8-89F5-428F-9D3A-22D7A35A33D7}.Release|Any CPU.ActiveCfg = Release|Any CPU
		{26647FD8-89F5-428F-9D3A-22D7A35A33D7}.Release|Any CPU.Build.0 = Release|Any CPU
		{E6B43EE9-6B01-4D78-B201-191D684E5956}.Debug|Any CPU.ActiveCfg = Debug|Any CPU
		{E6B43EE9-6B01-4D78-B201-191D684E5956}.Debug|Any CPU.Build.0 = Debug|Any CPU
		{E6B43EE9-6B01-4D78-B201-191D684E5956}.Release|Any CPU.ActiveCfg = Release|Any CPU
		{E6B43EE9-6B01-4D78-B201-191D684E5956}.Release|Any CPU.Build.0 = Release|Any CPU
		{FE656A33-F5BF-4208-BA0D-87414369D39D}.Debug|Any CPU.ActiveCfg = Debug|Any CPU
		{FE656A33-F5BF-4208-BA0D-87414369D39D}.Debug|Any CPU.Build.0 = Debug|Any CPU
		{FE656A33-F5BF-4208-BA0D-87414369D39D}.Release|Any CPU.ActiveCfg = Release|Any CPU
		{FE656A33-F5BF-4208-BA0D-87414369D39D}.Release|Any CPU.Build.0 = Release|Any CPU
	EndGlobalSection
	GlobalSection(SolutionProperties) = preSolution
		HideSolutionNode = FALSE
	EndGlobalSection
	GlobalSection(ExtensibilityGlobals) = postSolution
		SolutionGuid = {CE902646-99C4-4844-A421-A18FDC667FDB}
	EndGlobalSection
EndGlobal
